
Microsoft Visual Studio Solution File, Format Version 12.00
# Visual Studio Version 16
VisualStudioVersion = 16.0.31402.337
MinimumVisualStudioVersion = 10.0.40219.1
Project("{2150E333-8FDC-42A3-9474-1A3956D46DE8}") = "src", "src", "{F0192C0E-F62D-46E8-8089-DC4F2823A016}"
EndProject
Project("{2150E333-8FDC-42A3-9474-1A3956D46DE8}") = "tests", "tests", "{38A0A9CF-6640-4473-BFE5-5C63181AA194}"
EndProject
Project("{9A19103F-16F7-4668-BE54-9A1E7A4F7556}") = "VeroTest.Core", "VeroTest.Core\VeroTest.Core.csproj", "{DBC4CC92-8F49-4D8F-A1FE-CFF217CD823B}"
EndProject
Project("{9A19103F-16F7-4668-BE54-9A1E7A4F7556}") = "VeroTest.Infrastructure", "VeroTest.Infrastructure\VeroTest.Infrastructure.csproj", "{4D46AD0C-422E-40FD-A7BB-45D09A7A510D}"
EndProject
Project("{9A19103F-16F7-4668-BE54-9A1E7A4F7556}") = "VeroTest.Web", "VeroTest.Web\VeroTest.Web.csproj", "{7E327123-B923-4B4C-BCD2-21DE4B99FB55}"
EndProject
Global
	GlobalSection(SolutionConfigurationPlatforms) = preSolution
		Debug|Any CPU = Debug|Any CPU
		Release|Any CPU = Release|Any CPU
	EndGlobalSection
	GlobalSection(ProjectConfigurationPlatforms) = postSolution
		{DBC4CC92-8F49-4D8F-A1FE-CFF217CD823B}.Debug|Any CPU.ActiveCfg = Debug|Any CPU
		{DBC4CC92-8F49-4D8F-A1FE-CFF217CD823B}.Debug|Any CPU.Build.0 = Debug|Any CPU
		{DBC4CC92-8F49-4D8F-A1FE-CFF217CD823B}.Release|Any CPU.ActiveCfg = Release|Any CPU
		{DBC4CC92-8F49-4D8F-A1FE-CFF217CD823B}.Release|Any CPU.Build.0 = Release|Any CPU
		{4D46AD0C-422E-40FD-A7BB-45D09A7A510D}.Debug|Any CPU.ActiveCfg = Debug|Any CPU
		{4D46AD0C-422E-40FD-A7BB-45D09A7A510D}.Debug|Any CPU.Build.0 = Debug|Any CPU
		{4D46AD0C-422E-40FD-A7BB-45D09A7A510D}.Release|Any CPU.ActiveCfg = Release|Any CPU
		{4D46AD0C-422E-40FD-A7BB-45D09A7A510D}.Release|Any CPU.Build.0 = Release|Any CPU
		{7E327123-B923-4B4C-BCD2-21DE4B99FB55}.Debug|Any CPU.ActiveCfg = Debug|Any CPU
		{7E327123-B923-4B4C-BCD2-21DE4B99FB55}.Debug|Any CPU.Build.0 = Debug|Any CPU
		{7E327123-B923-4B4C-BCD2-21DE4B99FB55}.Release|Any CPU.ActiveCfg = Release|Any CPU
		{7E327123-B923-4B4C-BCD2-21DE4B99FB55}.Release|Any CPU.Build.0 = Release|Any CPU
	EndGlobalSection
	GlobalSection(SolutionProperties) = preSolution
		HideSolutionNode = FALSE
	EndGlobalSection
	GlobalSection(NestedProjects) = preSolution
		{DBC4CC92-8F49-4D8F-A1FE-CFF217CD823B} = {F0192C0E-F62D-46E8-8089-DC4F2823A016}
		{4D46AD0C-422E-40FD-A7BB-45D09A7A510D} = {F0192C0E-F62D-46E8-8089-DC4F2823A016}
		{7E327123-B923-4B4C-BCD2-21DE4B99FB55} = {F0192C0E-F62D-46E8-8089-DC4F2823A016}
	EndGlobalSection
	GlobalSection(ExtensibilityGlobals) = postSolution
		SolutionGuid = {6317FC4B-89DB-4A05-AB7F-4719033916AC}
	EndGlobalSection
EndGlobal
